
Microsoft Visual Studio Solution File, Format Version 12.00
# Visual Studio 15
VisualStudioVersion = 15.0.26403.7
MinimumVisualStudioVersion = 10.0.40219.1
Project("{FAE04EC0-301F-11D3-BF4B-00C04F79EFBC}") = "HelloEveAPI", "HelloEveAPI\HelloEveAPI.csproj", "{2953A57D-86C8-498E-A818-5125283DFFEE}"
EndProject
Global
	GlobalSection(SolutionConfigurationPlatforms) = preSolution
		Debug|Any CPU = Debug|Any CPU
		Release|Any CPU = Release|Any CPU
	EndGlobalSection
	GlobalSection(ProjectConfigurationPlatforms) = postSolution
		{2953A57D-86C8-498E-A818-5125283DFFEE}.Debug|Any CPU.ActiveCfg = Debug|Any CPU
		{2953A57D-86C8-498E-A818-5125283DFFEE}.Debug|Any CPU.Build.0 = Debug|Any CPU
		{2953A57D-86C8-498E-A818-5125283DFFEE}.Release|Any CPU.ActiveCfg = Release|Any CPU
		{2953A57D-86C8-498E-A818-5125283DFFEE}.Release|Any CPU.Build.0 = Release|Any CPU
	EndGlobalSection
	GlobalSection(SolutionProperties) = preSolution
		HideSolutionNode = FALSE
	EndGlobalSection
EndGlobal
